
Microsoft Visual Studio Solution File, Format Version 12.00
# Visual Studio Version 16
VisualStudioVersion = 16.0.29613.14
MinimumVisualStudioVersion = 10.0.40219.1
Project("{8BC9CEB8-8B4A-11D0-8D11-00A0C91BC942}") = "09引用", "09引用.vcxproj", "{BD62793C-AF88-4B9D-AD7A-0E4E8483653C}"
EndProject
Global
	GlobalSection(SolutionConfigurationPlatforms) = preSolution
		Debug|x64 = Debug|x64
		Debug|x86 = Debug|x86
		Release|x64 = Release|x64
		Release|x86 = Release|x86
	EndGlobalSection
	GlobalSection(ProjectConfigurationPlatforms) = postSolution
		{BD62793C-AF88-4B9D-AD7A-0E4E8483653C}.Debug|x64.ActiveCfg = Debug|x64
		{BD62793C-AF88-4B9D-AD7A-0E4E8483653C}.Debug|x64.Build.0 = Debug|x64
		{BD62793C-AF88-4B9D-AD7A-0E4E8483653C}.Debug|x86.ActiveCfg = Debug|Win32
		{BD62793C-AF88-4B9D-AD7A-0E4E8483653C}.Debug|x86.Build.0 = Debug|Win32
		{BD62793C-AF88-4B9D-AD7A-0E4E8483653C}.Release|x64.ActiveCfg = Release|x64
		{BD62793C-AF88-4B9D-AD7A-0E4E8483653C}.Release|x64.Build.0 = Release|x64
		{BD62793C-AF88-4B9D-AD7A-0E4E8483653C}.Release|x86.ActiveCfg = Release|Win32
		{BD62793C-AF88-4B9D-AD7A-0E4E8483653C}.Release|x86.Build.0 = Release|Win32
	EndGlobalSection
	GlobalSection(SolutionProperties) = preSolution
		HideSolutionNode = FALSE
	EndGlobalSection
	GlobalSection(ExtensibilityGlobals) = postSolution
		SolutionGuid = {66B82B85-228B-463D-A965-2E7A14ED1BD4}
	EndGlobalSection
EndGlobal
